
Microsoft Visual Studio Solution File, Format Version 12.00
# Visual Studio Version 16
VisualStudioVersion = 16.0.31129.286
MinimumVisualStudioVersion = 10.0.40219.1
Project("{9A19103F-16F7-4668-BE54-9A1E7A4F7556}") = "NasLib", "Lib\NasLib.csproj", "{82FCDE39-B78F-4BDA-9024-1E6164D5DA98}"
EndProject
Project("{FAE04EC0-301F-11D3-BF4B-00C04F79EFBC}") = "Service", "Service\Service.csproj", "{F1FD1F52-6808-4A89-9916-5E9E05B68D8F}"
EndProject
Project("{FAE04EC0-301F-11D3-BF4B-00C04F79EFBC}") = "Tester", "Tester\Tester.csproj", "{EE72F693-E041-4C4C-9E77-EC8E6196AE10}"
EndProject
Global
	GlobalSection(SolutionConfigurationPlatforms) = preSolution
		Debug|Any CPU = Debug|Any CPU
		Release|Any CPU = Release|Any CPU
	EndGlobalSection
	GlobalSection(ProjectConfigurationPlatforms) = postSolution
		{82FCDE39-B78F-4BDA-9024-1E6164D5DA98}.Debug|Any CPU.ActiveCfg = Debug|Any CPU
		{82FCDE39-B78F-4BDA-9024-1E6164D5DA98}.Debug|Any CPU.Build.0 = Debug|Any CPU
		{82FCDE39-B78F-4BDA-9024-1E6164D5DA98}.Release|Any CPU.ActiveCfg = Release|Any CPU
		{82FCDE39-B78F-4BDA-9024-1E6164D5DA98}.Release|Any CPU.Build.0 = Release|Any CPU
		{F1FD1F52-6808-4A89-9916-5E9E05B68D8F}.Debug|Any CPU.ActiveCfg = Debug|Any CPU
		{F1FD1F52-6808-4A89-9916-5E9E05B68D8F}.Debug|Any CPU.Build.0 = Debug|Any CPU
		{F1FD1F52-6808-4A89-9916-5E9E05B68D8F}.Release|Any CPU.ActiveCfg = Release|Any CPU
		{F1FD1F52-6808-4A89-9916-5E9E05B68D8F}.Release|Any CPU.Build.0 = Release|Any CPU
		{EE72F693-E041-4C4C-9E77-EC8E6196AE10}.Debug|Any CPU.ActiveCfg = Debug|Any CPU
		{EE72F693-E041-4C4C-9E77-EC8E6196AE10}.Debug|Any CPU.Build.0 = Debug|Any CPU
		{EE72F693-E041-4C4C-9E77-EC8E6196AE10}.Release|Any CPU.ActiveCfg = Release|Any CPU
		{EE72F693-E041-4C4C-9E77-EC8E6196AE10}.Release|Any CPU.Build.0 = Release|Any CPU
	EndGlobalSection
	GlobalSection(SolutionProperties) = preSolution
		HideSolutionNode = FALSE
	EndGlobalSection
	GlobalSection(ExtensibilityGlobals) = postSolution
		SolutionGuid = {66DF243D-5F87-4D47-95DF-22EE766E699F}
	EndGlobalSection
EndGlobal
